// !$*UTF8*$!
{
	archiveVersion = 1;
	classes = {
	};
	objectVersion = 48;
	objects = {

/* Begin PBXBuildFile section */
		A66DD32620F5A0320085FC4F /* AppDelegate.swift in Sources */ = {isa = PBXBuildFile; fileRef = A66DD32520F5A0320085FC4F /* AppDelegate.swift */; };
		A66DD32820F5A0320085FC4F /* ViewController.swift in Sources */ = {isa = PBXBuildFile; fileRef = A66DD32720F5A0320085FC4F /* ViewController.swift */; };
		A66DD32B20F5A0320085FC4F /* Main.storyboard in Resources */ = {isa = PBXBuildFile; fileRef = A66DD32920F5A0320085FC4F /* Main.storyboard */; };
		A66DD32D20F5A05E0085FC4F /* Assets.xcassets in Resources */ = {isa = PBXBuildFile; fileRef = A66DD32C20F5A05E0085FC4F /* Assets.xcassets */; };
		A66DD33020F5A05E0085FC4F /* LaunchScreen.storyboard in Resources */ = {isa = PBXBuildFile; fileRef = A66DD32E20F5A05E0085FC4F /* LaunchScreen.storyboard */; };
		B924BD6220F6DD0B00BC3F9D /* SchoolTableViewCell.swift in Sources */ = {isa = PBXBuildFile; fileRef = B924BD6120F6DD0B00BC3F9D /* SchoolTableViewCell.swift */; };
/* End PBXBuildFile section */

/* Begin PBXFileReference section */
		A66DD32220F5A0320085FC4F /* GradeCalc.app */ = {isa = PBXFileReference; explicitFileType = wrapper.application; includeInIndex = 0; path = GradeCalc.app; sourceTree = BUILT_PRODUCTS_DIR; };
		A66DD32520F5A0320085FC4F /* AppDelegate.swift */ = {isa = PBXFileReference; lastKnownFileType = sourcecode.swift; path = AppDelegate.swift; sourceTree = "<group>"; };
		A66DD32720F5A0320085FC4F /* ViewController.swift */ = {isa = PBXFileReference; lastKnownFileType = sourcecode.swift; path = ViewController.swift; sourceTree = "<group>"; };
		A66DD32A20F5A0320085FC4F /* Base */ = {isa = PBXFileReference; lastKnownFileType = file.storyboard; name = Base; path = Base.lproj/Main.storyboard; sourceTree = "<group>"; };
		A66DD32C20F5A05E0085FC4F /* Assets.xcassets */ = {isa = PBXFileReference; lastKnownFileType = folder.assetcatalog; path = Assets.xcassets; sourceTree = "<group>"; };
		A66DD32F20F5A05E0085FC4F /* Base */ = {isa = PBXFileReference; lastKnownFileType = file.storyboard; name = Base; path = Base.lproj/LaunchScreen.storyboard; sourceTree = "<group>"; };
		A66DD33120F5A05E0085FC4F /* Info.plist */ = {isa = PBXFileReference; lastKnownFileType = text.plist.xml; path = Info.plist; sourceTree = "<group>"; };
		B924BD6120F6DD0B00BC3F9D /* SchoolTableViewCell.swift */ = {isa = PBXFileReference; lastKnownFileType = sourcecode.swift; path = SchoolTableViewCell.swift; sourceTree = "<group>"; };
/* End PBXFileReference section */

/* Begin PBXFrameworksBuildPhase section */
		A66DD31F20F5A0310085FC4F /* Frameworks */ = {
			isa = PBXFrameworksBuildPhase;
			buildActionMask = 2147483647;
			files = (
			);
			runOnlyForDeploymentPostprocessing = 0;
		};
/* End PBXFrameworksBuildPhase section */

/* Begin PBXGroup section */
		A66DD31920F5A0300085FC4F = {
			isa = PBXGroup;
			children = (
				A66DD32420F5A0320085FC4F /* GradeCalc */,
				A66DD32320F5A0320085FC4F /* Products */,
			);
			sourceTree = "<group>";
		};
		A66DD32320F5A0320085FC4F /* Products */ = {
			isa = PBXGroup;
			children = (
				A66DD32220F5A0320085FC4F /* GradeCalc.app */,
			);
			name = Products;
			sourceTree = "<group>";
		};
		A66DD32420F5A0320085FC4F /* GradeCalc */ = {
			isa = PBXGroup;
			children = (
				A66DD32520F5A0320085FC4F /* AppDelegate.swift */,
				A66DD32720F5A0320085FC4F /* ViewController.swift */,
				B924BD6120F6DD0B00BC3F9D /* SchoolTableViewCell.swift */,
				A66DD32920F5A0320085FC4F /* Main.storyboard */,
				A66DD32C20F5A05E0085FC4F /* Assets.xcassets */,
				A66DD32E20F5A05E0085FC4F /* LaunchScreen.storyboard */,
				A66DD33120F5A05E0085FC4F /* Info.plist */,
			);
			path = GradeCalc;
			sourceTree = "<group>";
		};
/* End PBXGroup section */

/* Begin PBXNativeTarget section */
		A66DD32120F5A0310085FC4F /* GradeCalc */ = {
			isa = PBXNativeTarget;
			buildConfigurationList = A66DD33420F5A05E0085FC4F /* Build configuration list for PBXNativeTarget "GradeCalc" */;
			buildPhases = (
				A66DD31E20F5A0310085FC4F /* Sources */,
				A66DD31F20F5A0310085FC4F /* Frameworks */,
				A66DD32020F5A0310085FC4F /* Resources */,
			);
			buildRules = (
			);
			dependencies = (
			);
			name = GradeCalc;
			productName = GradeCalc;
			productReference = A66DD32220F5A0320085FC4F /* GradeCalc.app */;
			productType = "com.apple.product-type.application";
		};
/* End PBXNativeTarget section */

/* Begin PBXProject section */
		A66DD31A20F5A0300085FC4F /* Project object */ = {
			isa = PBXProject;
			attributes = {
				LastSwiftUpdateCheck = 0940;
				LastUpgradeCheck = 0940;
				ORGANIZATIONNAME = "Neil Dhote, Gus Petito";
				TargetAttributes = {
					A66DD32120F5A0310085FC4F = {
						CreatedOnToolsVersion = 9.4.1;
						ProvisioningStyle = Automatic;
					};
				};
			};
			buildConfigurationList = A66DD31D20F5A0310085FC4F /* Build configuration list for PBXProject "GradeCalc" */;
			compatibilityVersion = "Xcode 8.0";
			developmentRegion = en;
			hasScannedForEncodings = 0;
			knownRegions = (
				en,
				Base,
			);
			mainGroup = A66DD31920F5A0300085FC4F;
			productRefGroup = A66DD32320F5A0320085FC4F /* Products */;
			projectDirPath = "";
			projectRoot = "";
			targets = (
				A66DD32120F5A0310085FC4F /* GradeCalc */,
			);
		};
/* End PBXProject section */

/* Begin PBXResourcesBuildPhase section */
		A66DD32020F5A0310085FC4F /* Resources */ = {
			isa = PBXResourcesBuildPhase;
			buildActionMask = 2147483647;
			files = (
				A66DD33020F5A05E0085FC4F /* LaunchScreen.storyboard in Resources */,
				A66DD32D20F5A05E0085FC4F /* Assets.xcassets in Resources */,
				A66DD32B20F5A0320085FC4F /* Main.storyboard in Resources */,
			);
			runOnlyForDeploymentPostprocessing = 0;
		};
/* End PBXResourcesBuildPhase section */

/* Begin PBXSourcesBuildPhase section */
		A66DD31E20F5A0310085FC4F /* Sources */ = {
			isa = PBXSourcesBuildPhase;
			buildActionMask = 2147483647;
			files = (
				A66DD32820F5A0320085FC4F /* ViewController.swift in Sources */,
				B924BD6220F6DD0B00BC3F9D /* SchoolTableViewCell.swift in Sources */,
				A66DD32620F5A0320085FC4F /* AppDelegate.swift in Sources */,
			);
			runOnlyForDeploymentPostprocessing = 0;
		};
/* End PBXSourcesBuildPhase section */

/* Begin PBXVariantGroup section */
		A66DD32920F5A0320085FC4F /* Main.storyboard */ = {
			isa = PBXVariantGroup;
			children = (
				A66DD32A20F5A0320085FC4F /* Base */,
			);
			name = Main.storyboard;
			sourceTree = "<group>";
		};
		A66DD32E20F5A05E0085FC4F /* LaunchScreen.storyboard */ = {
			isa = PBXVariantGroup;
			children = (
				A66DD32F20F5A05E0085FC4F /* Base */,
			);
			name = LaunchScreen.storyboard;
			sourceTree = "<group>";
		};
/* End PBXVariantGroup section */

/* Begin XCBuildConfiguration section */
		A66DD33220F5A05E0085FC4F /* Debug */ = {
			isa = XCBuildConfiguration;
			buildSettings = {
				ALWAYS_SEARCH_USER_PATHS = NO;
				CLANG_ANALYZER_NONNULL = YES;
				CLANG_ANALYZER_NUMBER_OBJECT_CONVERSION = YES_AGGRESSIVE;
				CLANG_CXX_LANGUAGE_STANDARD = "gnu++14";
				CLANG_CXX_LIBRARY = "libc++";
				CLANG_ENABLE_MODULES = YES;
				CLANG_ENABLE_OBJC_ARC = YES;
				CLANG_ENABLE_OBJC_WEAK = YES;
				CLANG_WARN_BLOCK_CAPTURE_AUTORELEASING = YES;
				CLANG_WARN_BOOL_CONVERSION = YES;
				CLANG_WARN_COMMA = YES;
				CLANG_WARN_CONSTANT_CONVERSION = YES;
				CLANG_WARN_DEPRECATED_OBJC_IMPLEMENTATIONS = YES;
				CLANG_WARN_DIRECT_OBJC_ISA_USAGE = YES_ERROR;
				CLANG_WARN_DOCUMENTATION_COMMENTS = YES;
				CLANG_WARN_EMPTY_BODY = YES;
				CLANG_WARN_ENUM_CONVERSION = YES;
				CLANG_WARN_INFINITE_RECURSION = YES;
				CLANG_WARN_INT_CONVERSION = YES;
				CLANG_WARN_NON_LITERAL_NULL_CONVERSION = YES;
				CLANG_WARN_OBJC_IMPLICIT_RETAIN_SELF = YES;
				CLANG_WARN_OBJC_LITERAL_CONVERSION = YES;
				CLANG_WARN_OBJC_ROOT_CLASS = YES_ERROR;
				CLANG_WARN_RANGE_LOOP_ANALYSIS = YES;
				CLANG_WARN_STRICT_PROTOTYPES = YES;
				CLANG_WARN_SUSPICIOUS_MOVE = YES;
				CLANG_WARN_UNGUARDED_AVAILABILITY = YES_AGGRESSIVE;
				CLANG_WARN_UNREACHABLE_CODE = YES;
				CLANG_WARN__DUPLICATE_METHOD_MATCH = YES;
				CODE_SIGN_IDENTITY = "iPhone Developer";
				COPY_PHASE_STRIP = NO;
				DEBUG_INFORMATION_FORMAT = dwarf;
				ENABLE_STRICT_OBJC_MSGSEND = YES;
				ENABLE_TESTABILITY = YES;
				GCC_C_LANGUAGE_STANDARD = gnu11;
				GCC_DYNAMIC_NO_PIC = NO;
				GCC_NO_COMMON_BLOCKS = YES;
				GCC_OPTIMIZATION_LEVEL = 0;
				GCC_PREPROCESSOR_DEFINITIONS = (
					"DEBUG=1",
					"$(inherited)",
				);
				GCC_WARN_64_TO_32_BIT_CONVERSION = YES;
				GCC_WARN_ABOUT_RETURN_TYPE = YES_ERROR;
				GCC_WARN_UNDECLARED_SELECTOR = YES;
				GCC_WARN_UNINITIALIZED_AUTOS = YES_AGGRESSIVE;
				GCC_WARN_UNUSED_FUNCTION = YES;
				GCC_WARN_UNUSED_VARIABLE = YES;
				IPHONEOS_DEPLOYMENT_TARGET = 11.4;
				MTL_ENABLE_DEBUG_INFO = YES;
				ONLY_ACTIVE_ARCH = YES;
				SDKROOT = iphoneos;
				SWIFT_ACTIVE_COMPILATION_CONDITIONS = DEBUG;
				SWIFT_OPTIMIZATION_LEVEL = "-Onone";
			};
			name = Debug;
		};
		A66DD33320F5A05E0085FC4F /* Release */ = {
			isa = XCBuildConfiguration;
			buildSettings = {
				ALWAYS_SEARCH_USER_PATHS = NO;
				CLANG_ANALYZER_NONNULL = YES;
				CLANG_ANALYZER_NUMBER_OBJECT_CONVERSION = YES_AGGRESSIVE;
				CLANG_CXX_LANGUAGE_STANDARD = "gnu++14";
				CLANG_CXX_LIBRARY = "libc++";
				CLANG_ENABLE_MODULES = YES;
				CLANG_ENABLE_OBJC_ARC = YES;
				CLANG_ENABLE_OBJC_WEAK = YES;
				CLANG_WARN_BLOCK_CAPTURE_AUTORELEASING = YES;
				CLANG_WARN_BOOL_CONVERSION = YES;
				CLANG_WARN_COMMA = YES;
				CLANG_WARN_CONSTANT_CONVERSION = YES;
				CLANG_WARN_DEPRECATED_OBJC_IMPLEMENTATIONS = YES;
				CLANG_WARN_DIRECT_OBJC_ISA_USAGE = YES_ERROR;
				CLANG_WARN_DOCUMENTATION_COMMENTS = YES;
				CLANG_WARN_EMPTY_BODY = YES;
				CLANG_WARN_ENUM_CONVERSION = YES;
				CLANG_WARN_INFINITE_RECURSION = YES;
				CLANG_WARN_INT_CONVERSION = YES;
				CLANG_WARN_NON_LITERAL_NULL_CONVERSION = YES;
				CLANG_WARN_OBJC_IMPLICIT_RETAIN_SELF = YES;
				CLANG_WARN_OBJC_LITERAL_CONVERSION = YES;
				CLANG_WARN_OBJC_ROOT_CLASS = YES_ERROR;
				CLANG_WARN_RANGE_LOOP_ANALYSIS = YES;
				CLANG_WARN_STRICT_PROTOTYPES = YES;
				CLANG_WARN_SUSPICIOUS_MOVE = YES;
				CLANG_WARN_UNGUARDED_AVAILABILITY = YES_AGGRESSIVE;
				CLANG_WARN_UNREACHABLE_CODE = YES;
				CLANG_WARN__DUPLICATE_METHOD_MATCH = YES;
				CODE_SIGN_IDENTITY = "iPhone Developer";
				COPY_PHASE_STRIP = NO;
				DEBUG_INFORMATION_FORMAT = "dwarf-with-dsym";
				ENABLE_NS_ASSERTIONS = NO;
				ENABLE_STRICT_OBJC_MSGSEND = YES;
				GCC_C_LANGUAGE_STANDARD = gnu11;
				GCC_NO_COMMON_BLOCKS = YES;
				GCC_WARN_64_TO_32_BIT_CONVERSION = YES;
				GCC_WARN_ABOUT_RETURN_TYPE = YES_ERROR;
				GCC_WARN_UNDECLARED_SELECTOR = YES;
				GCC_WARN_UNINITIALIZED_AUTOS = YES_AGGRESSIVE;
				GCC_WARN_UNUSED_FUNCTION = YES;
				GCC_WARN_UNUSED_VARIABLE = YES;
				IPHONEOS_DEPLOYMENT_TARGET = 11.4;
				MTL_ENABLE_DEBUG_INFO = NO;
				SDKROOT = iphoneos;
				SWIFT_COMPILATION_MODE = wholemodule;
				SWIFT_OPTIMIZATION_LEVEL = "-O";
				VALIDATE_PRODUCT = YES;
			};
			name = Release;
		};
		A66DD33520F5A05E0085FC4F /* Debug */ = {
			isa = XCBuildConfiguration;
			buildSettings = {
				ASSETCATALOG_COMPILER_APPICON_NAME = AppIcon;
				CODE_SIGN_STYLE = Automatic;
				DEVELOPMENT_TEAM = 9NGEA42L3P;
				INFOPLIST_FILE = GradeCalc/Info.plist;
				IPHONEOS_DEPLOYMENT_TARGET = 11.2;
				LD_RUNPATH_SEARCH_PATHS = "$(inherited) @executable_path/Frameworks";
				PRODUCT_BUNDLE_IDENTIFIER = com.PetitoDhote.GradeCalc;
				PRODUCT_NAME = "$(TARGET_NAME)";
				SWIFT_VERSION = 4.0;
				TARGETED_DEVICE_FAMILY = "1,2";
			};
			name = Debug;
		};
		A66DD33620F5A05E0085FC4F /* Release */ = {
			isa = XCBuildConfiguration;
			buildSettings = {
				ASSETCATALOG_COMPILER_APPICON_NAME = AppIcon;
				CODE_SIGN_STYLE = Automatic;
				DEVELOPMENT_TEAM = 9NGEA42L3P;
				INFOPLIST_FILE = GradeCalc/Info.plist;
				IPHONEOS_DEPLOYMENT_TARGET = 11.2;
				LD_RUNPATH_SEARCH_PATHS = "$(inherited) @executable_path/Frameworks";
				PRODUCT_BUNDLE_IDENTIFIER = com.PetitoDhote.GradeCalc;
				PRODUCT_NAME = "$(TARGET_NAME)";
				SWIFT_VERSION = 4.0;
				TARGETED_DEVICE_FAMILY = "1,2";
			};
			name = Release;
		};
/* End XCBuildConfiguration section */

/* Begin XCConfigurationList section */
		A66DD31D20F5A0310085FC4F /* Build configuration list for PBXProject "GradeCalc" */ = {
			isa = XCConfigurationList;
			buildConfigurations = (
				A66DD33220F5A05E0085FC4F /* Debug */,
				A66DD33320F5A05E0085FC4F /* Release */,
			);
			defaultConfigurationIsVisible = 0;
			defaultConfigurationName = Release;
		};
		A66DD33420F5A05E0085FC4F /* Build configuration list for PBXNativeTarget "GradeCalc" */ = {
			isa = XCConfigurationList;
			buildConfigurations = (
				A66DD33520F5A05E0085FC4F /* Debug */,
				A66DD33620F5A05E0085FC4F /* Release */,
			);
			defaultConfigurationIsVisible = 0;
			defaultConfigurationName = Release;
		};
/* End XCConfigurationList section */
	};
	rootObject = A66DD31A20F5A0300085FC4F /* Project object */;
}
